<?xml version="1.0" encoding="utf-8"?>
<Project ToolsVersion="4.0" xmlns="http://schemas.microsoft.com/developer/msbuild/2003">
  <ItemGroup>
    <Filter Include="Source Files">
      <UniqueIdentifier>{1f08bb38-a62c-4878-9198-51c425650e2d}</UniqueIdentifier>
      <Extensions>cpp;c;cxx;rc;def;r;odl;idl;hpj;bat</Extensions>
    </Filter>
    <Filter Include="Header Files">
      <UniqueIdentifier>{2f2756a2-edb7-4aae-a76a-566c305a3349}</UniqueIdentifier>
      <Extensions>h;hpp;hxx;hm;inl</Extensions>
    </Filter>
    <Filter Include="Resource Files">
      <UniqueIdentifier>{7da9e8f1-2e52-43bc-a339-a49f85328d54}</UniqueIdentifier>
      <Extensions>ico;cur;bmp;dlg;rc2;rct;bin;rgs;gif;jpg;jpeg;jpe</Extensions>
    </Filter>
  </ItemGroup>
  <ItemGroup>
    <ClCompile Include="..\..\Lib\opengl2d3d\OpenGL2D3D.cc">
      <Filter>Source Files</Filter>
    </ClCompile>
  </ItemGroup>
  <ItemGroup>
    <ClInclude Include="..\..\Lib\opengl2d3d\gllist.h">
      <Filter>Header Files</Filter>
    </ClInclude>
    <ClInclude Include="..\..\Lib\opengl2d3d\OpenGL2D3D.h">
      <Filter>Header Files</Filter>
    </ClInclude>
  </ItemGroup>
  <ItemGroup>
    <None Include="..\..\Lib\opengl2d3d\opengl2d3d.def">
      <Filter>Resource Files</Filter>
    </None>
  </ItemGroup>
</Project>